
Microsoft Visual Studio Solution File, Format Version 12.00
# Visual Studio Version 17
VisualStudioVersion = 17.4.32804.182
MinimumVisualStudioVersion = 10.0.40219.1
Project("{9A19103F-16F7-4668-BE54-9A1E7A4F7556}") = "Majorsoft.CQRS.Repositories", "Majorsoft.CQRS.Repositories\Majorsoft.CQRS.Repositories.csproj", "{E512EB55-E1BD-465C-81C5-17B42734A65F}"
EndProject
Project("{9A19103F-16F7-4668-BE54-9A1E7A4F7556}") = "Majorsoft.CQRS.Repositories.Tests", "Majorsoft.CQRS.Repositories.Tests\Majorsoft.CQRS.Repositories.Tests.csproj", "{9CA32E2F-A205-4F0A-B6E5-64E803F40092}"
EndProject
Project("{2150E333-8FDC-42A3-9474-1A3956D46DE8}") = "Pipelines", "Pipelines", "{6B66C590-A746-489D-B440-49F08ED8D684}"
	ProjectSection(SolutionItems) = preProject
		..\azure-pipelines-commit.yml = ..\azure-pipelines-commit.yml
		..\azure-pipelines-Nuget.yml = ..\azure-pipelines-Nuget.yml
		..\azure-pipelines-sampleApp.yml = ..\azure-pipelines-sampleApp.yml
	EndProjectSection
EndProject
Global
	GlobalSection(SolutionConfigurationPlatforms) = preSolution
		Debug|Any CPU = Debug|Any CPU
		Release|Any CPU = Release|Any CPU
	EndGlobalSection
	GlobalSection(ProjectConfigurationPlatforms) = postSolution
		{E512EB55-E1BD-465C-81C5-17B42734A65F}.Debug|Any CPU.ActiveCfg = Debug|Any CPU
		{E512EB55-E1BD-465C-81C5-17B42734A65F}.Debug|Any CPU.Build.0 = Debug|Any CPU
		{E512EB55-E1BD-465C-81C5-17B42734A65F}.Release|Any CPU.ActiveCfg = Release|Any CPU
		{E512EB55-E1BD-465C-81C5-17B42734A65F}.Release|Any CPU.Build.0 = Release|Any CPU
		{9CA32E2F-A205-4F0A-B6E5-64E803F40092}.Debug|Any CPU.ActiveCfg = Debug|Any CPU
		{9CA32E2F-A205-4F0A-B6E5-64E803F40092}.Debug|Any CPU.Build.0 = Debug|Any CPU
		{9CA32E2F-A205-4F0A-B6E5-64E803F40092}.Release|Any CPU.ActiveCfg = Release|Any CPU
		{9CA32E2F-A205-4F0A-B6E5-64E803F40092}.Release|Any CPU.Build.0 = Release|Any CPU
	EndGlobalSection
	GlobalSection(SolutionProperties) = preSolution
		HideSolutionNode = FALSE
	EndGlobalSection
	GlobalSection(ExtensibilityGlobals) = postSolution
		SolutionGuid = {6A0655F5-51AD-4D67-9E4D-CD85A4A13EB7}
	EndGlobalSection
EndGlobal
